// !$*UTF8*$!
{
	archiveVersion = 1;
	classes = {
	};
	objectVersion = 50;
	objects = {

/* Begin PBXBuildFile section */
		1629D15F268B51C700B4A780 /* ExplorarStoryboard.storyboard in Resources */ = {isa = PBXBuildFile; fileRef = 1629D15E268B51C700B4A780 /* ExplorarStoryboard.storyboard */; };
		1629D161268B51F300B4A780 /* ExplorarViewController.swift in Sources */ = {isa = PBXBuildFile; fileRef = 1629D160268B51F300B4A780 /* ExplorarViewController.swift */; };
		1629D165268B534C00B4A780 /* AjustesStoryboard.storyboard in Resources */ = {isa = PBXBuildFile; fileRef = 1629D164268B534C00B4A780 /* AjustesStoryboard.storyboard */; };
		1629D167268B536400B4A780 /* ContaViewController.swift in Sources */ = {isa = PBXBuildFile; fileRef = 1629D166268B536400B4A780 /* ContaViewController.swift */; };
		1629D16B268B54BD00B4A780 /* ConquistasStoryboard.storyboard in Resources */ = {isa = PBXBuildFile; fileRef = 1629D16A268B54BD00B4A780 /* ConquistasStoryboard.storyboard */; };
		1629D16D268B551500B4A780 /* ConquistasViewController.swift in Sources */ = {isa = PBXBuildFile; fileRef = 1629D16C268B551500B4A780 /* ConquistasViewController.swift */; };
		1629D16F268B556E00B4A780 /* JornadaEcologiaStoryboard.storyboard in Resources */ = {isa = PBXBuildFile; fileRef = 1629D16E268B556E00B4A780 /* JornadaEcologiaStoryboard.storyboard */; };
		1629D171268B558700B4A780 /* JornadaEcologiaViewController.swift in Sources */ = {isa = PBXBuildFile; fileRef = 1629D170268B558700B4A780 /* JornadaEcologiaViewController.swift */; };
		2721649426948D9F00A5B815 /* The Curious Kitten - Aaron Kenny.mp3 in Resources */ = {isa = PBXBuildFile; fileRef = 2721649326948D9E00A5B815 /* The Curious Kitten - Aaron Kenny.mp3 */; };
		2727FD8E2693511A004395B1 /* AudioManager.swift in Sources */ = {isa = PBXBuildFile; fileRef = 2727FD8D2693511A004395B1 /* AudioManager.swift */; };
		272D942A268B4669001201D4 /* AppDelegate.swift in Sources */ = {isa = PBXBuildFile; fileRef = 272D9429268B4669001201D4 /* AppDelegate.swift */; };
		272D942C268B4669001201D4 /* SceneDelegate.swift in Sources */ = {isa = PBXBuildFile; fileRef = 272D942B268B4669001201D4 /* SceneDelegate.swift */; };
		272D942E268B4669001201D4 /* ViewController.swift in Sources */ = {isa = PBXBuildFile; fileRef = 272D942D268B4669001201D4 /* ViewController.swift */; };
		272D9431268B4669001201D4 /* Main.storyboard in Resources */ = {isa = PBXBuildFile; fileRef = 272D942F268B4669001201D4 /* Main.storyboard */; };
		272D9433268B466A001201D4 /* Assets.xcassets in Resources */ = {isa = PBXBuildFile; fileRef = 272D9432268B466A001201D4 /* Assets.xcassets */; };
		272D9436268B466A001201D4 /* LaunchScreen.storyboard in Resources */ = {isa = PBXBuildFile; fileRef = 272D9434268B466A001201D4 /* LaunchScreen.storyboard */; };
		2799431B2697965700B9CF0D /* Fase1Storyboard.storyboard in Resources */ = {isa = PBXBuildFile; fileRef = 2799431A2697965700B9CF0D /* Fase1Storyboard.storyboard */; };
		2799431D2697967D00B9CF0D /* Fase2Storyboard.storyboard in Resources */ = {isa = PBXBuildFile; fileRef = 2799431C2697967D00B9CF0D /* Fase2Storyboard.storyboard */; };
		2799431F2697975100B9CF0D /* Fase1ViewController.swift in Sources */ = {isa = PBXBuildFile; fileRef = 2799431E2697975100B9CF0D /* Fase1ViewController.swift */; };
		279943212697975F00B9CF0D /* Fase2ViewController.swift in Sources */ = {isa = PBXBuildFile; fileRef = 279943202697975F00B9CF0D /* Fase2ViewController.swift */; };
		27D3E12F268CC32E0051B600 /* AjustesViewController.swift in Sources */ = {isa = PBXBuildFile; fileRef = 27D3E12E268CC32E0051B600 /* AjustesViewController.swift */; };
		83271C0F2697D40900DF193C /* EcologiaStorytelling.json in Resources */ = {isa = PBXBuildFile; fileRef = 83271C0E2697D40900DF193C /* EcologiaStorytelling.json */; };
		83271C112697E44E00DF193C /* JornadaEcologiaModel.swift in Sources */ = {isa = PBXBuildFile; fileRef = 83271C102697E44E00DF193C /* JornadaEcologiaModel.swift */; };
		833B06FB269723A5009A515B /* Recompensa.storyboard in Resources */ = {isa = PBXBuildFile; fileRef = 833B06FA269723A5009A515B /* Recompensa.storyboard */; };
		833B06FD269723C7009A515B /* Recompensa.swift in Sources */ = {isa = PBXBuildFile; fileRef = 833B06FC269723C7009A515B /* Recompensa.swift */; };
		833C21E42693530E004C5F5D /* JornadaCellView.swift in Sources */ = {isa = PBXBuildFile; fileRef = 833C21E32693530E004C5F5D /* JornadaCellView.swift */; };
		833C21E6269360DE004C5F5D /* Jornadas.json in Resources */ = {isa = PBXBuildFile; fileRef = 833C21E5269360DE004C5F5D /* Jornadas.json */; };
		833C21E82693629F004C5F5D /* JornadasModel.swift in Sources */ = {isa = PBXBuildFile; fileRef = 833C21E72693629F004C5F5D /* JornadasModel.swift */; };
		833C21EA26947E99004C5F5D /* Jogo.storyboard in Resources */ = {isa = PBXBuildFile; fileRef = 833C21E926947E99004C5F5D /* Jogo.storyboard */; };
		833C21EC26947F23004C5F5D /* JogoViewController.swift in Sources */ = {isa = PBXBuildFile; fileRef = 833C21EB26947F23004C5F5D /* JogoViewController.swift */; };
/* End PBXBuildFile section */

/* Begin PBXFileReference section */
		1629D15E268B51C700B4A780 /* ExplorarStoryboard.storyboard */ = {isa = PBXFileReference; lastKnownFileType = file.storyboard; path = ExplorarStoryboard.storyboard; sourceTree = "<group>"; };
		1629D160268B51F300B4A780 /* ExplorarViewController.swift */ = {isa = PBXFileReference; lastKnownFileType = sourcecode.swift; path = ExplorarViewController.swift; sourceTree = "<group>"; };
		1629D164268B534C00B4A780 /* AjustesStoryboard.storyboard */ = {isa = PBXFileReference; lastKnownFileType = file.storyboard; path = AjustesStoryboard.storyboard; sourceTree = "<group>"; };
		1629D166268B536400B4A780 /* ContaViewController.swift */ = {isa = PBXFileReference; lastKnownFileType = sourcecode.swift; path = ContaViewController.swift; sourceTree = "<group>"; };
		1629D16A268B54BD00B4A780 /* ConquistasStoryboard.storyboard */ = {isa = PBXFileReference; lastKnownFileType = file.storyboard; path = ConquistasStoryboard.storyboard; sourceTree = "<group>"; };
		1629D16C268B551500B4A780 /* ConquistasViewController.swift */ = {isa = PBXFileReference; lastKnownFileType = sourcecode.swift; path = ConquistasViewController.swift; sourceTree = "<group>"; };
		1629D16E268B556E00B4A780 /* JornadaEcologiaStoryboard.storyboard */ = {isa = PBXFileReference; lastKnownFileType = file.storyboard; path = JornadaEcologiaStoryboard.storyboard; sourceTree = "<group>"; };
		1629D170268B558700B4A780 /* JornadaEcologiaViewController.swift */ = {isa = PBXFileReference; lastKnownFileType = sourcecode.swift; path = JornadaEcologiaViewController.swift; sourceTree = "<group>"; };
		2721649326948D9E00A5B815 /* The Curious Kitten - Aaron Kenny.mp3 */ = {isa = PBXFileReference; lastKnownFileType = audio.mp3; path = "The Curious Kitten - Aaron Kenny.mp3"; sourceTree = "<group>"; };
		2727FD8D2693511A004395B1 /* AudioManager.swift */ = {isa = PBXFileReference; lastKnownFileType = sourcecode.swift; path = AudioManager.swift; sourceTree = "<group>"; };
		272D9426268B4669001201D4 /* As Descobertas de Aiô.app */ = {isa = PBXFileReference; explicitFileType = wrapper.application; includeInIndex = 0; path = "As Descobertas de Aiô.app"; sourceTree = BUILT_PRODUCTS_DIR; };
		272D9429268B4669001201D4 /* AppDelegate.swift */ = {isa = PBXFileReference; lastKnownFileType = sourcecode.swift; path = AppDelegate.swift; sourceTree = "<group>"; };
		272D942B268B4669001201D4 /* SceneDelegate.swift */ = {isa = PBXFileReference; lastKnownFileType = sourcecode.swift; path = SceneDelegate.swift; sourceTree = "<group>"; };
		272D942D268B4669001201D4 /* ViewController.swift */ = {isa = PBXFileReference; lastKnownFileType = sourcecode.swift; path = ViewController.swift; sourceTree = "<group>"; };
		272D9430268B4669001201D4 /* Base */ = {isa = PBXFileReference; lastKnownFileType = file.storyboard; name = Base; path = Base.lproj/Main.storyboard; sourceTree = "<group>"; };
		272D9432268B466A001201D4 /* Assets.xcassets */ = {isa = PBXFileReference; lastKnownFileType = folder.assetcatalog; path = Assets.xcassets; sourceTree = "<group>"; };
		272D9435268B466A001201D4 /* Base */ = {isa = PBXFileReference; lastKnownFileType = file.storyboard; name = Base; path = Base.lproj/LaunchScreen.storyboard; sourceTree = "<group>"; };
		272D9437268B466A001201D4 /* Info.plist */ = {isa = PBXFileReference; lastKnownFileType = text.plist.xml; path = Info.plist; sourceTree = "<group>"; };
		2799431A2697965700B9CF0D /* Fase1Storyboard.storyboard */ = {isa = PBXFileReference; lastKnownFileType = file.storyboard; path = Fase1Storyboard.storyboard; sourceTree = "<group>"; };
		2799431C2697967D00B9CF0D /* Fase2Storyboard.storyboard */ = {isa = PBXFileReference; lastKnownFileType = file.storyboard; path = Fase2Storyboard.storyboard; sourceTree = "<group>"; };
		2799431E2697975100B9CF0D /* Fase1ViewController.swift */ = {isa = PBXFileReference; lastKnownFileType = sourcecode.swift; path = Fase1ViewController.swift; sourceTree = "<group>"; };
		279943202697975F00B9CF0D /* Fase2ViewController.swift */ = {isa = PBXFileReference; lastKnownFileType = sourcecode.swift; path = Fase2ViewController.swift; sourceTree = "<group>"; };
		27D3E12E268CC32E0051B600 /* AjustesViewController.swift */ = {isa = PBXFileReference; lastKnownFileType = sourcecode.swift; path = AjustesViewController.swift; sourceTree = "<group>"; };
		83271C0E2697D40900DF193C /* EcologiaStorytelling.json */ = {isa = PBXFileReference; lastKnownFileType = text.json; path = EcologiaStorytelling.json; sourceTree = "<group>"; };
		83271C102697E44E00DF193C /* JornadaEcologiaModel.swift */ = {isa = PBXFileReference; lastKnownFileType = sourcecode.swift; path = JornadaEcologiaModel.swift; sourceTree = "<group>"; };
		833B06FA269723A5009A515B /* Recompensa.storyboard */ = {isa = PBXFileReference; lastKnownFileType = file.storyboard; path = Recompensa.storyboard; sourceTree = "<group>"; };
		833B06FC269723C7009A515B /* Recompensa.swift */ = {isa = PBXFileReference; lastKnownFileType = sourcecode.swift; path = Recompensa.swift; sourceTree = "<group>"; };
		833C21E32693530E004C5F5D /* JornadaCellView.swift */ = {isa = PBXFileReference; lastKnownFileType = sourcecode.swift; path = JornadaCellView.swift; sourceTree = "<group>"; };
		833C21E5269360DE004C5F5D /* Jornadas.json */ = {isa = PBXFileReference; lastKnownFileType = text.json; path = Jornadas.json; sourceTree = "<group>"; };
		833C21E72693629F004C5F5D /* JornadasModel.swift */ = {isa = PBXFileReference; lastKnownFileType = sourcecode.swift; path = JornadasModel.swift; sourceTree = "<group>"; };
		833C21E926947E99004C5F5D /* Jogo.storyboard */ = {isa = PBXFileReference; lastKnownFileType = file.storyboard; path = Jogo.storyboard; sourceTree = "<group>"; };
		833C21EB26947F23004C5F5D /* JogoViewController.swift */ = {isa = PBXFileReference; lastKnownFileType = sourcecode.swift; path = JogoViewController.swift; sourceTree = "<group>"; };
/* End PBXFileReference section */

/* Begin PBXFrameworksBuildPhase section */
		272D9423268B4669001201D4 /* Frameworks */ = {
			isa = PBXFrameworksBuildPhase;
			buildActionMask = 2147483647;
			files = (
			);
			runOnlyForDeploymentPostprocessing = 0;
		};
/* End PBXFrameworksBuildPhase section */

/* Begin PBXGroup section */
		1629D159268B503100B4A780 /* Delegates */ = {
			isa = PBXGroup;
			children = (
				272D9429268B4669001201D4 /* AppDelegate.swift */,
				272D942B268B4669001201D4 /* SceneDelegate.swift */,
			);
			path = Delegates;
			sourceTree = "<group>";
		};
		1629D15A268B508800B4A780 /* Main */ = {
			isa = PBXGroup;
			children = (
				272D942F268B4669001201D4 /* Main.storyboard */,
				2727FD8D2693511A004395B1 /* AudioManager.swift */,
				272D942D268B4669001201D4 /* ViewController.swift */,
				833C21E32693530E004C5F5D /* JornadaCellView.swift */,
				833C21E5269360DE004C5F5D /* Jornadas.json */,
				833C21E72693629F004C5F5D /* JornadasModel.swift */,
			);
			path = Main;
			sourceTree = "<group>";
		};
		1629D15C268B50BB00B4A780 /* LaunchScreen */ = {
			isa = PBXGroup;
			children = (
				272D9434268B466A001201D4 /* LaunchScreen.storyboard */,
			);
			path = LaunchScreen;
			sourceTree = "<group>";
		};
		1629D15D268B511E00B4A780 /* Explorar */ = {
			isa = PBXGroup;
			children = (
				1629D15E268B51C700B4A780 /* ExplorarStoryboard.storyboard */,
				1629D160268B51F300B4A780 /* ExplorarViewController.swift */,
			);
			path = Explorar;
			sourceTree = "<group>";
		};
		1629D163268B523F00B4A780 /* Ajustes */ = {
			isa = PBXGroup;
			children = (
				1629D164268B534C00B4A780 /* AjustesStoryboard.storyboard */,
				1629D166268B536400B4A780 /* ContaViewController.swift */,
				27D3E12E268CC32E0051B600 /* AjustesViewController.swift */,
			);
			path = Ajustes;
			sourceTree = "<group>";
		};
		1629D168268B53CB00B4A780 /* JornadaEcologia */ = {
			isa = PBXGroup;
			children = (
				1629D16E268B556E00B4A780 /* JornadaEcologiaStoryboard.storyboard */,
				1629D170268B558700B4A780 /* JornadaEcologiaViewController.swift */,
				2799431A2697965700B9CF0D /* Fase1Storyboard.storyboard */,
				2799431E2697975100B9CF0D /* Fase1ViewController.swift */,
				2799431C2697967D00B9CF0D /* Fase2Storyboard.storyboard */,
				279943202697975F00B9CF0D /* Fase2ViewController.swift */,
				833C21E926947E99004C5F5D /* Jogo.storyboard */,
				833C21EB26947F23004C5F5D /* JogoViewController.swift */,
				833B06FA269723A5009A515B /* Recompensa.storyboard */,
				833B06FC269723C7009A515B /* Recompensa.swift */,
				83271C0E2697D40900DF193C /* EcologiaStorytelling.json */,
				83271C102697E44E00DF193C /* JornadaEcologiaModel.swift */,
			);
			path = JornadaEcologia;
			sourceTree = "<group>";
		};
		1629D169268B540300B4A780 /* Conquistas */ = {
			isa = PBXGroup;
			children = (
				1629D16A268B54BD00B4A780 /* ConquistasStoryboard.storyboard */,
				1629D16C268B551500B4A780 /* ConquistasViewController.swift */,
			);
			path = Conquistas;
			sourceTree = "<group>";
		};
		272D941D268B4669001201D4 = {
			isa = PBXGroup;
			children = (
				272D9428268B4669001201D4 /* As Descobertas de Aiô */,
				272D9427268B4669001201D4 /* Products */,
			);
			sourceTree = "<group>";
		};
		272D9427268B4669001201D4 /* Products */ = {
			isa = PBXGroup;
			children = (
				272D9426268B4669001201D4 /* As Descobertas de Aiô.app */,
			);
			name = Products;
			sourceTree = "<group>";
		};
		272D9428268B4669001201D4 /* As Descobertas de Aiô */ = {
			isa = PBXGroup;
			children = (
				1629D169268B540300B4A780 /* Conquistas */,
				1629D168268B53CB00B4A780 /* JornadaEcologia */,
				1629D163268B523F00B4A780 /* Ajustes */,
				1629D15D268B511E00B4A780 /* Explorar */,
				1629D15C268B50BB00B4A780 /* LaunchScreen */,
				1629D15A268B508800B4A780 /* Main */,
				1629D159268B503100B4A780 /* Delegates */,
				272D9432268B466A001201D4 /* Assets.xcassets */,
				272D9437268B466A001201D4 /* Info.plist */,
				2721649326948D9E00A5B815 /* The Curious Kitten - Aaron Kenny.mp3 */,
			);
			path = "As Descobertas de Aiô";
			sourceTree = "<group>";
		};
/* End PBXGroup section */

/* Begin PBXNativeTarget section */
		272D9425268B4669001201D4 /* As Descobertas de Aiô */ = {
			isa = PBXNativeTarget;
			buildConfigurationList = 272D943A268B466A001201D4 /* Build configuration list for PBXNativeTarget "As Descobertas de Aiô" */;
			buildPhases = (
				272D9422268B4669001201D4 /* Sources */,
				272D9423268B4669001201D4 /* Frameworks */,
				272D9424268B4669001201D4 /* Resources */,
			);
			buildRules = (
			);
			dependencies = (
			);
			name = "As Descobertas de Aiô";
			productName = "As Descobertas de Aiô";
			productReference = 272D9426268B4669001201D4 /* As Descobertas de Aiô.app */;
			productType = "com.apple.product-type.application";
		};
/* End PBXNativeTarget section */

/* Begin PBXProject section */
		272D941E268B4669001201D4 /* Project object */ = {
			isa = PBXProject;
			attributes = {
				LastSwiftUpdateCheck = 1250;
				LastUpgradeCheck = 1250;
				TargetAttributes = {
					272D9425268B4669001201D4 = {
						CreatedOnToolsVersion = 12.5.1;
					};
				};
			};
			buildConfigurationList = 272D9421268B4669001201D4 /* Build configuration list for PBXProject "As Descobertas de Aiô" */;
			compatibilityVersion = "Xcode 9.3";
			developmentRegion = en;
			hasScannedForEncodings = 0;
			knownRegions = (
				en,
				Base,
			);
			mainGroup = 272D941D268B4669001201D4;
			productRefGroup = 272D9427268B4669001201D4 /* Products */;
			projectDirPath = "";
			projectRoot = "";
			targets = (
				272D9425268B4669001201D4 /* As Descobertas de Aiô */,
			);
		};
/* End PBXProject section */

/* Begin PBXResourcesBuildPhase section */
		272D9424268B4669001201D4 /* Resources */ = {
			isa = PBXResourcesBuildPhase;
			buildActionMask = 2147483647;
			files = (
				272D9436268B466A001201D4 /* LaunchScreen.storyboard in Resources */,
				833C21E6269360DE004C5F5D /* Jornadas.json in Resources */,
				1629D16B268B54BD00B4A780 /* ConquistasStoryboard.storyboard in Resources */,
				833C21EA26947E99004C5F5D /* Jogo.storyboard in Resources */,
				272D9433268B466A001201D4 /* Assets.xcassets in Resources */,
				1629D165268B534C00B4A780 /* AjustesStoryboard.storyboard in Resources */,
				1629D15F268B51C700B4A780 /* ExplorarStoryboard.storyboard in Resources */,
				2799431D2697967D00B9CF0D /* Fase2Storyboard.storyboard in Resources */,
				272D9431268B4669001201D4 /* Main.storyboard in Resources */,
				1629D16F268B556E00B4A780 /* JornadaEcologiaStoryboard.storyboard in Resources */,
				83271C0F2697D40900DF193C /* EcologiaStorytelling.json in Resources */,
				2799431B2697965700B9CF0D /* Fase1Storyboard.storyboard in Resources */,
				833B06FB269723A5009A515B /* Recompensa.storyboard in Resources */,
				2721649426948D9F00A5B815 /* The Curious Kitten - Aaron Kenny.mp3 in Resources */,
			);
			runOnlyForDeploymentPostprocessing = 0;
		};
/* End PBXResourcesBuildPhase section */

/* Begin PBXSourcesBuildPhase section */
		272D9422268B4669001201D4 /* Sources */ = {
			isa = PBXSourcesBuildPhase;
			buildActionMask = 2147483647;
			files = (
				272D942E268B4669001201D4 /* ViewController.swift in Sources */,
				1629D167268B536400B4A780 /* ContaViewController.swift in Sources */,
				833C21E42693530E004C5F5D /* JornadaCellView.swift in Sources */,
				1629D16D268B551500B4A780 /* ConquistasViewController.swift in Sources */,
				272D942A268B4669001201D4 /* AppDelegate.swift in Sources */,
				833B06FD269723C7009A515B /* Recompensa.swift in Sources */,
				27D3E12F268CC32E0051B600 /* AjustesViewController.swift in Sources */,
				1629D171268B558700B4A780 /* JornadaEcologiaViewController.swift in Sources */,
				83271C112697E44E00DF193C /* JornadaEcologiaModel.swift in Sources */,
				2727FD8E2693511A004395B1 /* AudioManager.swift in Sources */,
				272D942C268B4669001201D4 /* SceneDelegate.swift in Sources */,
				279943212697975F00B9CF0D /* Fase2ViewController.swift in Sources */,
				1629D161268B51F300B4A780 /* ExplorarViewController.swift in Sources */,
				833C21E82693629F004C5F5D /* JornadasModel.swift in Sources */,
				2799431F2697975100B9CF0D /* Fase1ViewController.swift in Sources */,
				833C21EC26947F23004C5F5D /* JogoViewController.swift in Sources */,
			);
			runOnlyForDeploymentPostprocessing = 0;
		};
/* End PBXSourcesBuildPhase section */

/* Begin PBXVariantGroup section */
		272D942F268B4669001201D4 /* Main.storyboard */ = {
			isa = PBXVariantGroup;
			children = (
				272D9430268B4669001201D4 /* Base */,
			);
			name = Main.storyboard;
			sourceTree = "<group>";
		};
		272D9434268B466A001201D4 /* LaunchScreen.storyboard */ = {
			isa = PBXVariantGroup;
			children = (
				272D9435268B466A001201D4 /* Base */,
			);
			name = LaunchScreen.storyboard;
			sourceTree = "<group>";
		};
/* End PBXVariantGroup section */

/* Begin XCBuildConfiguration section */
		272D9438268B466A001201D4 /* Debug */ = {
			isa = XCBuildConfiguration;
			buildSettings = {
				ALWAYS_SEARCH_USER_PATHS = NO;
				CLANG_ANALYZER_NONNULL = YES;
				CLANG_ANALYZER_NUMBER_OBJECT_CONVERSION = YES_AGGRESSIVE;
				CLANG_CXX_LANGUAGE_STANDARD = "gnu++14";
				CLANG_CXX_LIBRARY = "libc++";
				CLANG_ENABLE_MODULES = YES;
				CLANG_ENABLE_OBJC_ARC = YES;
				CLANG_ENABLE_OBJC_WEAK = YES;
				CLANG_WARN_BLOCK_CAPTURE_AUTORELEASING = YES;
				CLANG_WARN_BOOL_CONVERSION = YES;
				CLANG_WARN_COMMA = YES;
				CLANG_WARN_CONSTANT_CONVERSION = YES;
				CLANG_WARN_DEPRECATED_OBJC_IMPLEMENTATIONS = YES;
				CLANG_WARN_DIRECT_OBJC_ISA_USAGE = YES_ERROR;
				CLANG_WARN_DOCUMENTATION_COMMENTS = YES;
				CLANG_WARN_EMPTY_BODY = YES;
				CLANG_WARN_ENUM_CONVERSION = YES;
				CLANG_WARN_INFINITE_RECURSION = YES;
				CLANG_WARN_INT_CONVERSION = YES;
				CLANG_WARN_NON_LITERAL_NULL_CONVERSION = YES;
				CLANG_WARN_OBJC_IMPLICIT_RETAIN_SELF = YES;
				CLANG_WARN_OBJC_LITERAL_CONVERSION = YES;
				CLANG_WARN_OBJC_ROOT_CLASS = YES_ERROR;
				CLANG_WARN_QUOTED_INCLUDE_IN_FRAMEWORK_HEADER = YES;
				CLANG_WARN_RANGE_LOOP_ANALYSIS = YES;
				CLANG_WARN_STRICT_PROTOTYPES = YES;
				CLANG_WARN_SUSPICIOUS_MOVE = YES;
				CLANG_WARN_UNGUARDED_AVAILABILITY = YES_AGGRESSIVE;
				CLANG_WARN_UNREACHABLE_CODE = YES;
				CLANG_WARN__DUPLICATE_METHOD_MATCH = YES;
				COPY_PHASE_STRIP = NO;
				DEBUG_INFORMATION_FORMAT = dwarf;
				ENABLE_STRICT_OBJC_MSGSEND = YES;
				ENABLE_TESTABILITY = YES;
				GCC_C_LANGUAGE_STANDARD = gnu11;
				GCC_DYNAMIC_NO_PIC = NO;
				GCC_NO_COMMON_BLOCKS = YES;
				GCC_OPTIMIZATION_LEVEL = 0;
				GCC_PREPROCESSOR_DEFINITIONS = (
					"DEBUG=1",
					"$(inherited)",
				);
				GCC_WARN_64_TO_32_BIT_CONVERSION = YES;
				GCC_WARN_ABOUT_RETURN_TYPE = YES_ERROR;
				GCC_WARN_UNDECLARED_SELECTOR = YES;
				GCC_WARN_UNINITIALIZED_AUTOS = YES_AGGRESSIVE;
				GCC_WARN_UNUSED_FUNCTION = YES;
				GCC_WARN_UNUSED_VARIABLE = YES;
				IPHONEOS_DEPLOYMENT_TARGET = 14.5;
				MTL_ENABLE_DEBUG_INFO = INCLUDE_SOURCE;
				MTL_FAST_MATH = YES;
				ONLY_ACTIVE_ARCH = YES;
				SDKROOT = iphoneos;
				SWIFT_ACTIVE_COMPILATION_CONDITIONS = DEBUG;
				SWIFT_OPTIMIZATION_LEVEL = "-Onone";
			};
			name = Debug;
		};
		272D9439268B466A001201D4 /* Release */ = {
			isa = XCBuildConfiguration;
			buildSettings = {
				ALWAYS_SEARCH_USER_PATHS = NO;
				CLANG_ANALYZER_NONNULL = YES;
				CLANG_ANALYZER_NUMBER_OBJECT_CONVERSION = YES_AGGRESSIVE;
				CLANG_CXX_LANGUAGE_STANDARD = "gnu++14";
				CLANG_CXX_LIBRARY = "libc++";
				CLANG_ENABLE_MODULES = YES;
				CLANG_ENABLE_OBJC_ARC = YES;
				CLANG_ENABLE_OBJC_WEAK = YES;
				CLANG_WARN_BLOCK_CAPTURE_AUTORELEASING = YES;
				CLANG_WARN_BOOL_CONVERSION = YES;
				CLANG_WARN_COMMA = YES;
				CLANG_WARN_CONSTANT_CONVERSION = YES;
				CLANG_WARN_DEPRECATED_OBJC_IMPLEMENTATIONS = YES;
				CLANG_WARN_DIRECT_OBJC_ISA_USAGE = YES_ERROR;
				CLANG_WARN_DOCUMENTATION_COMMENTS = YES;
				CLANG_WARN_EMPTY_BODY = YES;
				CLANG_WARN_ENUM_CONVERSION = YES;
				CLANG_WARN_INFINITE_RECURSION = YES;
				CLANG_WARN_INT_CONVERSION = YES;
				CLANG_WARN_NON_LITERAL_NULL_CONVERSION = YES;
				CLANG_WARN_OBJC_IMPLICIT_RETAIN_SELF = YES;
				CLANG_WARN_OBJC_LITERAL_CONVERSION = YES;
				CLANG_WARN_OBJC_ROOT_CLASS = YES_ERROR;
				CLANG_WARN_QUOTED_INCLUDE_IN_FRAMEWORK_HEADER = YES;
				CLANG_WARN_RANGE_LOOP_ANALYSIS = YES;
				CLANG_WARN_STRICT_PROTOTYPES = YES;
				CLANG_WARN_SUSPICIOUS_MOVE = YES;
				CLANG_WARN_UNGUARDED_AVAILABILITY = YES_AGGRESSIVE;
				CLANG_WARN_UNREACHABLE_CODE = YES;
				CLANG_WARN__DUPLICATE_METHOD_MATCH = YES;
				COPY_PHASE_STRIP = NO;
				DEBUG_INFORMATION_FORMAT = "dwarf-with-dsym";
				ENABLE_NS_ASSERTIONS = NO;
				ENABLE_STRICT_OBJC_MSGSEND = YES;
				GCC_C_LANGUAGE_STANDARD = gnu11;
				GCC_NO_COMMON_BLOCKS = YES;
				GCC_WARN_64_TO_32_BIT_CONVERSION = YES;
				GCC_WARN_ABOUT_RETURN_TYPE = YES_ERROR;
				GCC_WARN_UNDECLARED_SELECTOR = YES;
				GCC_WARN_UNINITIALIZED_AUTOS = YES_AGGRESSIVE;
				GCC_WARN_UNUSED_FUNCTION = YES;
				GCC_WARN_UNUSED_VARIABLE = YES;
				IPHONEOS_DEPLOYMENT_TARGET = 14.5;
				MTL_ENABLE_DEBUG_INFO = NO;
				MTL_FAST_MATH = YES;
				SDKROOT = iphoneos;
				SWIFT_COMPILATION_MODE = wholemodule;
				SWIFT_OPTIMIZATION_LEVEL = "-O";
				VALIDATE_PRODUCT = YES;
			};
			name = Release;
		};
		272D943B268B466A001201D4 /* Debug */ = {
			isa = XCBuildConfiguration;
			buildSettings = {
				ASSETCATALOG_COMPILER_APPICON_NAME = AppIcon;
				ASSETCATALOG_COMPILER_GLOBAL_ACCENT_COLOR_NAME = AccentColor;
				CODE_SIGN_STYLE = Automatic;
				DEVELOPMENT_TEAM = 4DDKUVRF66;
				INFOPLIST_FILE = "As Descobertas de Aiô/Info.plist";
				LD_RUNPATH_SEARCH_PATHS = (
					"$(inherited)",
					"@executable_path/Frameworks",
				);
				PRODUCT_BUNDLE_IDENTIFIER = com.asdescobertasdeaio;
				PRODUCT_NAME = "$(TARGET_NAME)";
				SWIFT_VERSION = 5.0;
				TARGETED_DEVICE_FAMILY = "1,2";
			};
			name = Debug;
		};
		272D943C268B466A001201D4 /* Release */ = {
			isa = XCBuildConfiguration;
			buildSettings = {
				ASSETCATALOG_COMPILER_APPICON_NAME = AppIcon;
				ASSETCATALOG_COMPILER_GLOBAL_ACCENT_COLOR_NAME = AccentColor;
				CODE_SIGN_STYLE = Automatic;
				DEVELOPMENT_TEAM = 4DDKUVRF66;
				INFOPLIST_FILE = "As Descobertas de Aiô/Info.plist";
				LD_RUNPATH_SEARCH_PATHS = (
					"$(inherited)",
					"@executable_path/Frameworks",
				);
				PRODUCT_BUNDLE_IDENTIFIER = com.asdescobertasdeaio;
				PRODUCT_NAME = "$(TARGET_NAME)";
				SWIFT_VERSION = 5.0;
				TARGETED_DEVICE_FAMILY = "1,2";
			};
			name = Release;
		};
/* End XCBuildConfiguration section */

/* Begin XCConfigurationList section */
		272D9421268B4669001201D4 /* Build configuration list for PBXProject "As Descobertas de Aiô" */ = {
			isa = XCConfigurationList;
			buildConfigurations = (
				272D9438268B466A001201D4 /* Debug */,
				272D9439268B466A001201D4 /* Release */,
			);
			defaultConfigurationIsVisible = 0;
			defaultConfigurationName = Release;
		};
		272D943A268B466A001201D4 /* Build configuration list for PBXNativeTarget "As Descobertas de Aiô" */ = {
			isa = XCConfigurationList;
			buildConfigurations = (
				272D943B268B466A001201D4 /* Debug */,
				272D943C268B466A001201D4 /* Release */,
			);
			defaultConfigurationIsVisible = 0;
			defaultConfigurationName = Release;
		};
/* End XCConfigurationList section */
	};
	rootObject = 272D941E268B4669001201D4 /* Project object */;
}
